
Microsoft Visual Studio Solution File, Format Version 12.00
# Visual Studio Version 16
VisualStudioVersion = 16.0.29102.190
MinimumVisualStudioVersion = 10.0.40219.1
Project("{FAE04EC0-301F-11D3-BF4B-00C04F79EFBC}") = "proyectoche", "proyectoche\proyectoche.csproj", "{4EBB2BFE-093E-400D-9A88-A67DA9647BA8}"
EndProject
Global
	GlobalSection(SolutionConfigurationPlatforms) = preSolution
		Debug|Any CPU = Debug|Any CPU
		Release|Any CPU = Release|Any CPU
	EndGlobalSection
	GlobalSection(ProjectConfigurationPlatforms) = postSolution
		{4EBB2BFE-093E-400D-9A88-A67DA9647BA8}.Debug|Any CPU.ActiveCfg = Debug|Any CPU
		{4EBB2BFE-093E-400D-9A88-A67DA9647BA8}.Debug|Any CPU.Build.0 = Debug|Any CPU
		{4EBB2BFE-093E-400D-9A88-A67DA9647BA8}.Release|Any CPU.ActiveCfg = Release|Any CPU
		{4EBB2BFE-093E-400D-9A88-A67DA9647BA8}.Release|Any CPU.Build.0 = Release|Any CPU
	EndGlobalSection
	GlobalSection(SolutionProperties) = preSolution
		HideSolutionNode = FALSE
	EndGlobalSection
	GlobalSection(ExtensibilityGlobals) = postSolution
		SolutionGuid = {91B05DE0-9CAD-4E75-9D6A-C5D483AC15E7}
	EndGlobalSection
EndGlobal
